{
  "requires": true,
  "lockfileVersion": 1,
  "dependencies": {
    "sentiment": {
      "version": "5.0.1",
      "resolved": "https://registry.npmjs.org/sentiment/-/sentiment-5.0.1.tgz",
      "integrity": "sha512-MSYs0mZKrBSsRTzou2hKlWuM6jQAm0AtFqAVtaRlqxjaxCTlVwTMz65VDeW9ov3aCcPM0Cvxcn5JnBo1mtreqg=="
    }
  }
}
