{
  "requires": true,
  "lockfileVersion": 1,
  "dependencies": {
    "moment": {
      "version": "2.24.0",
      "resolved": "https://registry.npmjs.org/moment/-/moment-2.24.0.tgz",
      "integrity": "sha512-bV7f+6l2QigeBBZSM/6yTNq4P2fNpSWj/0e7jQcy87A8e7o2nAfP/34/2ky5Vw4B9S446EtIhodAzkFCcR4dQg=="
    },
    "vue-moment": {
      "version": "4.0.0",
      "resolved": "https://registry.npmjs.org/vue-moment/-/vue-moment-4.0.0.tgz",
      "integrity": "sha512-lNkEPuA3i3A4q4TDSwOXoRF4Y2vHHdaTOSvpPyGgxoFQP8n4sUh6jU5aJj3FIMlXo5UaHLPIz5hvvpvYx9Wj0w==",
      "requires": {
        "moment": "^2.11.1"
      }
    }
  }
}
