Microsoft Visual Studio Solution File, Format Version 12.00
# Visual Studio Version 16
VisualStudioVersion = 16.0.0.0
MinimumVisualStudioVersion = 16.0.0.0
Project("{9A19103F-16F7-4668-BE54-9A1E7A4F7556}") = "visualizer2.Server", "Server\visualizer2.Server.csproj", "{2A81EB7D-3FC5-44FA-9AAD-6380618C24EA}"
EndProject
Project("{9A19103F-16F7-4668-BE54-9A1E7A4F7556}") = "visualizer2.Client", "Client\visualizer2.Client.csproj", "{5B2C92F1-6A9E-46A3-816F-EB732224C8F7}"
EndProject
Project("{9A19103F-16F7-4668-BE54-9A1E7A4F7556}") = "visualizer2.Shared", "Shared\visualizer2.Shared.csproj", "{0429991B-0D7B-4549-AD0D-83DDCBDB52C1}"
EndProject
Global
	GlobalSection(SolutionConfigurationPlatforms) = preSolution
		Debug|Any CPU = Debug|Any CPU
		Debug|x64 = Debug|x64
		Debug|x86 = Debug|x86
		Release|Any CPU = Release|Any CPU
		Release|x64 = Release|x64
		Release|x86 = Release|x86
	EndGlobalSection
	GlobalSection(ProjectConfigurationPlatforms) = postSolution
		{5B2C92F1-6A9E-46A3-816F-EB732224C8F7}.Debug|Any CPU.ActiveCfg = Debug|Any CPU
		{5B2C92F1-6A9E-46A3-816F-EB732224C8F7}.Debug|Any CPU.Build.0 = Debug|Any CPU
		{5B2C92F1-6A9E-46A3-816F-EB732224C8F7}.Debug|x64.ActiveCfg = Debug|Any CPU
		{5B2C92F1-6A9E-46A3-816F-EB732224C8F7}.Debug|x64.Build.0 = Debug|Any CPU
		{5B2C92F1-6A9E-46A3-816F-EB732224C8F7}.Debug|x86.ActiveCfg = Debug|Any CPU
		{5B2C92F1-6A9E-46A3-816F-EB732224C8F7}.Debug|x86.Build.0 = Debug|Any CPU
		{5B2C92F1-6A9E-46A3-816F-EB732224C8F7}.Release|Any CPU.ActiveCfg = Release|Any CPU
		{5B2C92F1-6A9E-46A3-816F-EB732224C8F7}.Release|Any CPU.Build.0 = Release|Any CPU
		{5B2C92F1-6A9E-46A3-816F-EB732224C8F7}.Release|x64.ActiveCfg = Release|Any CPU
		{5B2C92F1-6A9E-46A3-816F-EB732224C8F7}.Release|x64.Build.0 = Release|Any CPU
		{5B2C92F1-6A9E-46A3-816F-EB732224C8F7}.Release|x86.ActiveCfg = Release|Any CPU
		{5B2C92F1-6A9E-46A3-816F-EB732224C8F7}.Release|x86.Build.0 = Release|Any CPU
		{2A81EB7D-3FC5-44FA-9AAD-6380618C24EA}.Debug|Any CPU.ActiveCfg = Debug|Any CPU
		{2A81EB7D-3FC5-44FA-9AAD-6380618C24EA}.Debug|Any CPU.Build.0 = Debug|Any CPU
		{2A81EB7D-3FC5-44FA-9AAD-6380618C24EA}.Debug|x64.ActiveCfg = Debug|Any CPU
		{2A81EB7D-3FC5-44FA-9AAD-6380618C24EA}.Debug|x64.Build.0 = Debug|Any CPU
		{2A81EB7D-3FC5-44FA-9AAD-6380618C24EA}.Debug|x86.ActiveCfg = Debug|Any CPU
		{2A81EB7D-3FC5-44FA-9AAD-6380618C24EA}.Debug|x86.Build.0 = Debug|Any CPU
		{2A81EB7D-3FC5-44FA-9AAD-6380618C24EA}.Release|Any CPU.ActiveCfg = Release|Any CPU
		{2A81EB7D-3FC5-44FA-9AAD-6380618C24EA}.Release|Any CPU.Build.0 = Release|Any CPU
		{2A81EB7D-3FC5-44FA-9AAD-6380618C24EA}.Release|x64.ActiveCfg = Release|Any CPU
		{2A81EB7D-3FC5-44FA-9AAD-6380618C24EA}.Release|x64.Build.0 = Release|Any CPU
		{2A81EB7D-3FC5-44FA-9AAD-6380618C24EA}.Release|x86.ActiveCfg = Release|Any CPU
		{2A81EB7D-3FC5-44FA-9AAD-6380618C24EA}.Release|x86.Build.0 = Release|Any CPU
		{0429991B-0D7B-4549-AD0D-83DDCBDB52C1}.Debug|Any CPU.ActiveCfg = Debug|Any CPU
		{0429991B-0D7B-4549-AD0D-83DDCBDB52C1}.Debug|Any CPU.Build.0 = Debug|Any CPU
		{0429991B-0D7B-4549-AD0D-83DDCBDB52C1}.Debug|x64.ActiveCfg = Debug|Any CPU
		{0429991B-0D7B-4549-AD0D-83DDCBDB52C1}.Debug|x64.Build.0 = Debug|Any CPU
		{0429991B-0D7B-4549-AD0D-83DDCBDB52C1}.Debug|x86.ActiveCfg = Debug|Any CPU
		{0429991B-0D7B-4549-AD0D-83DDCBDB52C1}.Debug|x86.Build.0 = Debug|Any CPU
		{0429991B-0D7B-4549-AD0D-83DDCBDB52C1}.Release|Any CPU.ActiveCfg = Release|Any CPU
		{0429991B-0D7B-4549-AD0D-83DDCBDB52C1}.Release|Any CPU.Build.0 = Release|Any CPU
		{0429991B-0D7B-4549-AD0D-83DDCBDB52C1}.Release|x64.ActiveCfg = Release|Any CPU
		{0429991B-0D7B-4549-AD0D-83DDCBDB52C1}.Release|x64.Build.0 = Release|Any CPU
		{0429991B-0D7B-4549-AD0D-83DDCBDB52C1}.Release|x86.ActiveCfg = Release|Any CPU
		{0429991B-0D7B-4549-AD0D-83DDCBDB52C1}.Release|x86.Build.0 = Release|Any CPU
	EndGlobalSection
	GlobalSection(SolutionProperties) = preSolution
		HideSolutionNode = FALSE
	EndGlobalSection
	GlobalSection(ExtensibilityGlobals) = postSolution
		SolutionGuid = {2FB491A9-3D6C-441E-BE1B-0F774448B5C5}
	EndGlobalSection
EndGlobal
